
Microsoft Visual Studio Solution File, Format Version 12.00
# Visual Studio 15
VisualStudioVersion = 15.0.28307.489
MinimumVisualStudioVersion = 10.0.40219.1
Project("{FAE04EC0-301F-11D3-BF4B-00C04F79EFBC}") = "bikerace_project", "bikerace_project\bikerace_project.csproj", "{8061732B-0470-47E9-A052-D98A92902234}"
EndProject
Project("{FAE04EC0-301F-11D3-BF4B-00C04F79EFBC}") = "bikerace_projectTests", "bikerace_projectTests\bikerace_projectTests.csproj", "{A9851067-A365-4DE1-8CF5-EB137BF2E994}"
EndProject
Global
	GlobalSection(SolutionConfigurationPlatforms) = preSolution
		Debug|Any CPU = Debug|Any CPU
		Release|Any CPU = Release|Any CPU
	EndGlobalSection
	GlobalSection(ProjectConfigurationPlatforms) = postSolution
		{8061732B-0470-47E9-A052-D98A92902234}.Debug|Any CPU.ActiveCfg = Debug|Any CPU
		{8061732B-0470-47E9-A052-D98A92902234}.Debug|Any CPU.Build.0 = Debug|Any CPU
		{8061732B-0470-47E9-A052-D98A92902234}.Release|Any CPU.ActiveCfg = Release|Any CPU
		{8061732B-0470-47E9-A052-D98A92902234}.Release|Any CPU.Build.0 = Release|Any CPU
		{A9851067-A365-4DE1-8CF5-EB137BF2E994}.Debug|Any CPU.ActiveCfg = Debug|Any CPU
		{A9851067-A365-4DE1-8CF5-EB137BF2E994}.Debug|Any CPU.Build.0 = Debug|Any CPU
		{A9851067-A365-4DE1-8CF5-EB137BF2E994}.Release|Any CPU.ActiveCfg = Release|Any CPU
		{A9851067-A365-4DE1-8CF5-EB137BF2E994}.Release|Any CPU.Build.0 = Release|Any CPU
	EndGlobalSection
	GlobalSection(SolutionProperties) = preSolution
		HideSolutionNode = FALSE
	EndGlobalSection
	GlobalSection(ExtensibilityGlobals) = postSolution
		SolutionGuid = {678F5055-D33F-490A-8262-34B1545CADB6}
	EndGlobalSection
EndGlobal
